{
  "name": "gravox",
  "version": "1.0.0",
  "lockfileVersion": 3,
  "requires": true,
  "packages": {
    "": {
      "name": "gravox",
      "version": "1.0.0",
      "license": "ISC",
      "bin": {
        "gravox": "index.js"
      },
      "engines": {
        "vscode": "^1.80.0"
      }
    }
  }
}
